
Microsoft Visual Studio Solution File, Format Version 12.00
# Visual Studio 14
VisualStudioVersion = 14.0.25420.1
MinimumVisualStudioVersion = 10.0.40219.1
Project("{FAE04EC0-301F-11D3-BF4B-00C04F79EFBC}") = "AzureCloudDownloader", "AzureCloudDownloader\AzureCloudDownloader.csproj", "{509667B2-7435-4ED2-B0B4-5A698A9C918E}"
EndProject
Global
	GlobalSection(SolutionConfigurationPlatforms) = preSolution
		Debug|Any CPU = Debug|Any CPU
		Release|Any CPU = Release|Any CPU
	EndGlobalSection
	GlobalSection(ProjectConfigurationPlatforms) = postSolution
		{509667B2-7435-4ED2-B0B4-5A698A9C918E}.Debug|Any CPU.ActiveCfg = Debug|Any CPU
		{509667B2-7435-4ED2-B0B4-5A698A9C918E}.Debug|Any CPU.Build.0 = Debug|Any CPU
		{509667B2-7435-4ED2-B0B4-5A698A9C918E}.Release|Any CPU.ActiveCfg = Release|Any CPU
		{509667B2-7435-4ED2-B0B4-5A698A9C918E}.Release|Any CPU.Build.0 = Release|Any CPU
	EndGlobalSection
	GlobalSection(SolutionProperties) = preSolution
		HideSolutionNode = FALSE
	EndGlobalSection
EndGlobal
